// !$*UTF8*$!
{
	archiveVersion = 1;
	classes = {
	};
	objectVersion = 48;
	objects = {

/* Begin PBXBuildFile section */
		8B4719AB1F8781DE00A9D173 /* AppDelegate.m in Sources */ = {isa = PBXBuildFile; fileRef = 8B4719AA1F8781DE00A9D173 /* AppDelegate.m */; };
		8B4719AE1F8781DE00A9D173 /* ViewController.m in Sources */ = {isa = PBXBuildFile; fileRef = 8B4719AD1F8781DE00A9D173 /* ViewController.m */; };
		8B4719B11F8781DE00A9D173 /* Main.storyboard in Resources */ = {isa = PBXBuildFile; fileRef = 8B4719AF1F8781DE00A9D173 /* Main.storyboard */; };
		8B4719B31F8781DE00A9D173 /* Assets.xcassets in Resources */ = {isa = PBXBuildFile; fileRef = 8B4719B21F8781DE00A9D173 /* Assets.xcassets */; };
		8B4719B61F8781DE00A9D173 /* LaunchScreen.storyboard in Resources */ = {isa = PBXBuildFile; fileRef = 8B4719B41F8781DE00A9D173 /* LaunchScreen.storyboard */; };
		8B4719B91F8781DE00A9D173 /* main.m in Sources */ = {isa = PBXBuildFile; fileRef = 8B4719B81F8781DE00A9D173 /* main.m */; };
		8B4719C31F8781DE00A9D173 /* CourseraTests.m in Sources */ = {isa = PBXBuildFile; fileRef = 8B4719C21F8781DE00A9D173 /* CourseraTests.m */; };
		8B4719CE1F8781DE00A9D173 /* CourseraUITests.m in Sources */ = {isa = PBXBuildFile; fileRef = 8B4719CD1F8781DE00A9D173 /* CourseraUITests.m */; };
		8B4719DD1F87838C00A9D173 /* MapKit.framework in Frameworks */ = {isa = PBXBuildFile; fileRef = 8B4719DC1F87838C00A9D173 /* MapKit.framework */; };
/* End PBXBuildFile section */

/* Begin PBXContainerItemProxy section */
		8B4719BF1F8781DE00A9D173 /* PBXContainerItemProxy */ = {
			isa = PBXContainerItemProxy;
			containerPortal = 8B47199E1F8781DE00A9D173 /* Project object */;
			proxyType = 1;
			remoteGlobalIDString = 8B4719A51F8781DE00A9D173;
			remoteInfo = Coursera;
		};
		8B4719CA1F8781DE00A9D173 /* PBXContainerItemProxy */ = {
			isa = PBXContainerItemProxy;
			containerPortal = 8B47199E1F8781DE00A9D173 /* Project object */;
			proxyType = 1;
			remoteGlobalIDString = 8B4719A51F8781DE00A9D173;
			remoteInfo = Coursera;
		};
/* End PBXContainerItemProxy section */

/* Begin PBXFileReference section */
		8B4719A61F8781DE00A9D173 /* Coursera.app */ = {isa = PBXFileReference; explicitFileType = wrapper.application; includeInIndex = 0; path = Coursera.app; sourceTree = BUILT_PRODUCTS_DIR; };
		8B4719A91F8781DE00A9D173 /* AppDelegate.h */ = {isa = PBXFileReference; lastKnownFileType = sourcecode.c.h; path = AppDelegate.h; sourceTree = "<group>"; };
		8B4719AA1F8781DE00A9D173 /* AppDelegate.m */ = {isa = PBXFileReference; lastKnownFileType = sourcecode.c.objc; path = AppDelegate.m; sourceTree = "<group>"; };
		8B4719AC1F8781DE00A9D173 /* ViewController.h */ = {isa = PBXFileReference; lastKnownFileType = sourcecode.c.h; path = ViewController.h; sourceTree = "<group>"; };
		8B4719AD1F8781DE00A9D173 /* ViewController.m */ = {isa = PBXFileReference; lastKnownFileType = sourcecode.c.objc; path = ViewController.m; sourceTree = "<group>"; };
		8B4719B01F8781DE00A9D173 /* Base */ = {isa = PBXFileReference; lastKnownFileType = file.storyboard; name = Base; path = Base.lproj/Main.storyboard; sourceTree = "<group>"; };
		8B4719B21F8781DE00A9D173 /* Assets.xcassets */ = {isa = PBXFileReference; lastKnownFileType = folder.assetcatalog; path = Assets.xcassets; sourceTree = "<group>"; };
		8B4719B51F8781DE00A9D173 /* Base */ = {isa = PBXFileReference; lastKnownFileType = file.storyboard; name = Base; path = Base.lproj/LaunchScreen.storyboard; sourceTree = "<group>"; };
		8B4719B71F8781DE00A9D173 /* Info.plist */ = {isa = PBXFileReference; lastKnownFileType = text.plist.xml; path = Info.plist; sourceTree = "<group>"; };
		8B4719B81F8781DE00A9D173 /* main.m */ = {isa = PBXFileReference; lastKnownFileType = sourcecode.c.objc; path = main.m; sourceTree = "<group>"; };
		8B4719BE1F8781DE00A9D173 /* CourseraTests.xctest */ = {isa = PBXFileReference; explicitFileType = wrapper.cfbundle; includeInIndex = 0; path = CourseraTests.xctest; sourceTree = BUILT_PRODUCTS_DIR; };
		8B4719C21F8781DE00A9D173 /* CourseraTests.m */ = {isa = PBXFileReference; lastKnownFileType = sourcecode.c.objc; path = CourseraTests.m; sourceTree = "<group>"; };
		8B4719C41F8781DE00A9D173 /* Info.plist */ = {isa = PBXFileReference; lastKnownFileType = text.plist.xml; path = Info.plist; sourceTree = "<group>"; };
		8B4719C91F8781DE00A9D173 /* CourseraUITests.xctest */ = {isa = PBXFileReference; explicitFileType = wrapper.cfbundle; includeInIndex = 0; path = CourseraUITests.xctest; sourceTree = BUILT_PRODUCTS_DIR; };
		8B4719CD1F8781DE00A9D173 /* CourseraUITests.m */ = {isa = PBXFileReference; lastKnownFileType = sourcecode.c.objc; path = CourseraUITests.m; sourceTree = "<group>"; };
		8B4719CF1F8781DE00A9D173 /* Info.plist */ = {isa = PBXFileReference; lastKnownFileType = text.plist.xml; path = Info.plist; sourceTree = "<group>"; };
		8B4719DC1F87838C00A9D173 /* MapKit.framework */ = {isa = PBXFileReference; lastKnownFileType = wrapper.framework; name = MapKit.framework; path = System/Library/Frameworks/MapKit.framework; sourceTree = SDKROOT; };
/* End PBXFileReference section */

/* Begin PBXFrameworksBuildPhase section */
		8B4719A31F8781DE00A9D173 /* Frameworks */ = {
			isa = PBXFrameworksBuildPhase;
			buildActionMask = 2147483647;
			files = (
				8B4719DD1F87838C00A9D173 /* MapKit.framework in Frameworks */,
			);
			runOnlyForDeploymentPostprocessing = 0;
		};
		8B4719BB1F8781DE00A9D173 /* Frameworks */ = {
			isa = PBXFrameworksBuildPhase;
			buildActionMask = 2147483647;
			files = (
			);
			runOnlyForDeploymentPostprocessing = 0;
		};
		8B4719C61F8781DE00A9D173 /* Frameworks */ = {
			isa = PBXFrameworksBuildPhase;
			buildActionMask = 2147483647;
			files = (
			);
			runOnlyForDeploymentPostprocessing = 0;
		};
/* End PBXFrameworksBuildPhase section */

/* Begin PBXGroup section */
		8B47199D1F8781DE00A9D173 = {
			isa = PBXGroup;
			children = (
				8B4719A81F8781DE00A9D173 /* Coursera */,
				8B4719C11F8781DE00A9D173 /* CourseraTests */,
				8B4719CC1F8781DE00A9D173 /* CourseraUITests */,
				8B4719A71F8781DE00A9D173 /* Products */,
				8B4719DB1F87838B00A9D173 /* Frameworks */,
			);
			sourceTree = "<group>";
		};
		8B4719A71F8781DE00A9D173 /* Products */ = {
			isa = PBXGroup;
			children = (
				8B4719A61F8781DE00A9D173 /* Coursera.app */,
				8B4719BE1F8781DE00A9D173 /* CourseraTests.xctest */,
				8B4719C91F8781DE00A9D173 /* CourseraUITests.xctest */,
			);
			name = Products;
			sourceTree = "<group>";
		};
		8B4719A81F8781DE00A9D173 /* Coursera */ = {
			isa = PBXGroup;
			children = (
				8B4719A91F8781DE00A9D173 /* AppDelegate.h */,
				8B4719AA1F8781DE00A9D173 /* AppDelegate.m */,
				8B4719AC1F8781DE00A9D173 /* ViewController.h */,
				8B4719AD1F8781DE00A9D173 /* ViewController.m */,
				8B4719AF1F8781DE00A9D173 /* Main.storyboard */,
				8B4719B21F8781DE00A9D173 /* Assets.xcassets */,
				8B4719B41F8781DE00A9D173 /* LaunchScreen.storyboard */,
				8B4719B71F8781DE00A9D173 /* Info.plist */,
				8B4719B81F8781DE00A9D173 /* main.m */,
			);
			path = Coursera;
			sourceTree = "<group>";
		};
		8B4719C11F8781DE00A9D173 /* CourseraTests */ = {
			isa = PBXGroup;
			children = (
				8B4719C21F8781DE00A9D173 /* CourseraTests.m */,
				8B4719C41F8781DE00A9D173 /* Info.plist */,
			);
			path = CourseraTests;
			sourceTree = "<group>";
		};
		8B4719CC1F8781DE00A9D173 /* CourseraUITests */ = {
			isa = PBXGroup;
			children = (
				8B4719CD1F8781DE00A9D173 /* CourseraUITests.m */,
				8B4719CF1F8781DE00A9D173 /* Info.plist */,
			);
			path = CourseraUITests;
			sourceTree = "<group>";
		};
		8B4719DB1F87838B00A9D173 /* Frameworks */ = {
			isa = PBXGroup;
			children = (
				8B4719DC1F87838C00A9D173 /* MapKit.framework */,
			);
			name = Frameworks;
			sourceTree = "<group>";
		};
/* End PBXGroup section */

/* Begin PBXNativeTarget section */
		8B4719A51F8781DE00A9D173 /* Coursera */ = {
			isa = PBXNativeTarget;
			buildConfigurationList = 8B4719D21F8781DE00A9D173 /* Build configuration list for PBXNativeTarget "Coursera" */;
			buildPhases = (
				8B4719A21F8781DE00A9D173 /* Sources */,
				8B4719A31F8781DE00A9D173 /* Frameworks */,
				8B4719A41F8781DE00A9D173 /* Resources */,
			);
			buildRules = (
			);
			dependencies = (
			);
			name = Coursera;
			productName = Coursera;
			productReference = 8B4719A61F8781DE00A9D173 /* Coursera.app */;
			productType = "com.apple.product-type.application";
		};
		8B4719BD1F8781DE00A9D173 /* CourseraTests */ = {
			isa = PBXNativeTarget;
			buildConfigurationList = 8B4719D51F8781DE00A9D173 /* Build configuration list for PBXNativeTarget "CourseraTests" */;
			buildPhases = (
				8B4719BA1F8781DE00A9D173 /* Sources */,
				8B4719BB1F8781DE00A9D173 /* Frameworks */,
				8B4719BC1F8781DE00A9D173 /* Resources */,
			);
			buildRules = (
			);
			dependencies = (
				8B4719C01F8781DE00A9D173 /* PBXTargetDependency */,
			);
			name = CourseraTests;
			productName = CourseraTests;
			productReference = 8B4719BE1F8781DE00A9D173 /* CourseraTests.xctest */;
			productType = "com.apple.product-type.bundle.unit-test";
		};
		8B4719C81F8781DE00A9D173 /* CourseraUITests */ = {
			isa = PBXNativeTarget;
			buildConfigurationList = 8B4719D81F8781DE00A9D173 /* Build configuration list for PBXNativeTarget "CourseraUITests" */;
			buildPhases = (
				8B4719C51F8781DE00A9D173 /* Sources */,
				8B4719C61F8781DE00A9D173 /* Frameworks */,
				8B4719C71F8781DE00A9D173 /* Resources */,
			);
			buildRules = (
			);
			dependencies = (
				8B4719CB1F8781DE00A9D173 /* PBXTargetDependency */,
			);
			name = CourseraUITests;
			productName = CourseraUITests;
			productReference = 8B4719C91F8781DE00A9D173 /* CourseraUITests.xctest */;
			productType = "com.apple.product-type.bundle.ui-testing";
		};
/* End PBXNativeTarget section */

/* Begin PBXProject section */
		8B47199E1F8781DE00A9D173 /* Project object */ = {
			isa = PBXProject;
			attributes = {
				LastUpgradeCheck = 0900;
				ORGANIZATIONNAME = SKS;
				TargetAttributes = {
					8B4719A51F8781DE00A9D173 = {
						CreatedOnToolsVersion = 9.0;
						ProvisioningStyle = Automatic;
					};
					8B4719BD1F8781DE00A9D173 = {
						CreatedOnToolsVersion = 9.0;
						ProvisioningStyle = Automatic;
						TestTargetID = 8B4719A51F8781DE00A9D173;
					};
					8B4719C81F8781DE00A9D173 = {
						CreatedOnToolsVersion = 9.0;
						ProvisioningStyle = Automatic;
						TestTargetID = 8B4719A51F8781DE00A9D173;
					};
				};
			};
			buildConfigurationList = 8B4719A11F8781DE00A9D173 /* Build configuration list for PBXProject "Coursera" */;
			compatibilityVersion = "Xcode 8.0";
			developmentRegion = en;
			hasScannedForEncodings = 0;
			knownRegions = (
				en,
				Base,
			);
			mainGroup = 8B47199D1F8781DE00A9D173;
			productRefGroup = 8B4719A71F8781DE00A9D173 /* Products */;
			projectDirPath = "";
			projectRoot = "";
			targets = (
				8B4719A51F8781DE00A9D173 /* Coursera */,
				8B4719BD1F8781DE00A9D173 /* CourseraTests */,
				8B4719C81F8781DE00A9D173 /* CourseraUITests */,
			);
		};
/* End PBXProject section */

/* Begin PBXResourcesBuildPhase section */
		8B4719A41F8781DE00A9D173 /* Resources */ = {
			isa = PBXResourcesBuildPhase;
			buildActionMask = 2147483647;
			files = (
				8B4719B61F8781DE00A9D173 /* LaunchScreen.storyboard in Resources */,
				8B4719B31F8781DE00A9D173 /* Assets.xcassets in Resources */,
				8B4719B11F8781DE00A9D173 /* Main.storyboard in Resources */,
			);
			runOnlyForDeploymentPostprocessing = 0;
		};
		8B4719BC1F8781DE00A9D173 /* Resources */ = {
			isa = PBXResourcesBuildPhase;
			buildActionMask = 2147483647;
			files = (
			);
			runOnlyForDeploymentPostprocessing = 0;
		};
		8B4719C71F8781DE00A9D173 /* Resources */ = {
			isa = PBXResourcesBuildPhase;
			buildActionMask = 2147483647;
			files = (
			);
			runOnlyForDeploymentPostprocessing = 0;
		};
/* End PBXResourcesBuildPhase section */

/* Begin PBXSourcesBuildPhase section */
		8B4719A21F8781DE00A9D173 /* Sources */ = {
			isa = PBXSourcesBuildPhase;
			buildActionMask = 2147483647;
			files = (
				8B4719AE1F8781DE00A9D173 /* ViewController.m in Sources */,
				8B4719B91F8781DE00A9D173 /* main.m in Sources */,
				8B4719AB1F8781DE00A9D173 /* AppDelegate.m in Sources */,
			);
			runOnlyForDeploymentPostprocessing = 0;
		};
		8B4719BA1F8781DE00A9D173 /* Sources */ = {
			isa = PBXSourcesBuildPhase;
			buildActionMask = 2147483647;
			files = (
				8B4719C31F8781DE00A9D173 /* CourseraTests.m in Sources */,
			);
			runOnlyForDeploymentPostprocessing = 0;
		};
		8B4719C51F8781DE00A9D173 /* Sources */ = {
			isa = PBXSourcesBuildPhase;
			buildActionMask = 2147483647;
			files = (
				8B4719CE1F8781DE00A9D173 /* CourseraUITests.m in Sources */,
			);
			runOnlyForDeploymentPostprocessing = 0;
		};
/* End PBXSourcesBuildPhase section */

/* Begin PBXTargetDependency section */
		8B4719C01F8781DE00A9D173 /* PBXTargetDependency */ = {
			isa = PBXTargetDependency;
			target = 8B4719A51F8781DE00A9D173 /* Coursera */;
			targetProxy = 8B4719BF1F8781DE00A9D173 /* PBXContainerItemProxy */;
		};
		8B4719CB1F8781DE00A9D173 /* PBXTargetDependency */ = {
			isa = PBXTargetDependency;
			target = 8B4719A51F8781DE00A9D173 /* Coursera */;
			targetProxy = 8B4719CA1F8781DE00A9D173 /* PBXContainerItemProxy */;
		};
/* End PBXTargetDependency section */

/* Begin PBXVariantGroup section */
		8B4719AF1F8781DE00A9D173 /* Main.storyboard */ = {
			isa = PBXVariantGroup;
			children = (
				8B4719B01F8781DE00A9D173 /* Base */,
			);
			name = Main.storyboard;
			sourceTree = "<group>";
		};
		8B4719B41F8781DE00A9D173 /* LaunchScreen.storyboard */ = {
			isa = PBXVariantGroup;
			children = (
				8B4719B51F8781DE00A9D173 /* Base */,
			);
			name = LaunchScreen.storyboard;
			sourceTree = "<group>";
		};
/* End PBXVariantGroup section */

/* Begin XCBuildConfiguration section */
		8B4719D01F8781DE00A9D173 /* Debug */ = {
			isa = XCBuildConfiguration;
			buildSettings = {
				ALWAYS_SEARCH_USER_PATHS = NO;
				CLANG_ANALYZER_NONNULL = YES;
				CLANG_ANALYZER_NUMBER_OBJECT_CONVERSION = YES_AGGRESSIVE;
				CLANG_CXX_LANGUAGE_STANDARD = "gnu++14";
				CLANG_CXX_LIBRARY = "libc++";
				CLANG_ENABLE_MODULES = YES;
				CLANG_ENABLE_OBJC_ARC = YES;
				CLANG_WARN_BLOCK_CAPTURE_AUTORELEASING = YES;
				CLANG_WARN_BOOL_CONVERSION = YES;
				CLANG_WARN_COMMA = YES;
				CLANG_WARN_CONSTANT_CONVERSION = YES;
				CLANG_WARN_DIRECT_OBJC_ISA_USAGE = YES_ERROR;
				CLANG_WARN_DOCUMENTATION_COMMENTS = YES;
				CLANG_WARN_EMPTY_BODY = YES;
				CLANG_WARN_ENUM_CONVERSION = YES;
				CLANG_WARN_INFINITE_RECURSION = YES;
				CLANG_WARN_INT_CONVERSION = YES;
				CLANG_WARN_NON_LITERAL_NULL_CONVERSION = YES;
				CLANG_WARN_OBJC_LITERAL_CONVERSION = YES;
				CLANG_WARN_OBJC_ROOT_CLASS = YES_ERROR;
				CLANG_WARN_RANGE_LOOP_ANALYSIS = YES;
				CLANG_WARN_STRICT_PROTOTYPES = YES;
				CLANG_WARN_SUSPICIOUS_MOVE = YES;
				CLANG_WARN_UNGUARDED_AVAILABILITY = YES_AGGRESSIVE;
				CLANG_WARN_UNREACHABLE_CODE = YES;
				CLANG_WARN__DUPLICATE_METHOD_MATCH = YES;
				CODE_SIGN_IDENTITY = "iPhone Developer";
				COPY_PHASE_STRIP = NO;
				DEBUG_INFORMATION_FORMAT = dwarf;
				ENABLE_STRICT_OBJC_MSGSEND = YES;
				ENABLE_TESTABILITY = YES;
				GCC_C_LANGUAGE_STANDARD = gnu11;
				GCC_DYNAMIC_NO_PIC = NO;
				GCC_NO_COMMON_BLOCKS = YES;
				GCC_OPTIMIZATION_LEVEL = 0;
				GCC_PREPROCESSOR_DEFINITIONS = (
					"DEBUG=1",
					"$(inherited)",
				);
				GCC_WARN_64_TO_32_BIT_CONVERSION = YES;
				GCC_WARN_ABOUT_RETURN_TYPE = YES_ERROR;
				GCC_WARN_UNDECLARED_SELECTOR = YES;
				GCC_WARN_UNINITIALIZED_AUTOS = YES_AGGRESSIVE;
				GCC_WARN_UNUSED_FUNCTION = YES;
				GCC_WARN_UNUSED_VARIABLE = YES;
				IPHONEOS_DEPLOYMENT_TARGET = 11.0;
				MTL_ENABLE_DEBUG_INFO = YES;
				ONLY_ACTIVE_ARCH = YES;
				SDKROOT = iphoneos;
			};
			name = Debug;
		};
		8B4719D11F8781DE00A9D173 /* Release */ = {
			isa = XCBuildConfiguration;
			buildSettings = {
				ALWAYS_SEARCH_USER_PATHS = NO;
				CLANG_ANALYZER_NONNULL = YES;
				CLANG_ANALYZER_NUMBER_OBJECT_CONVERSION = YES_AGGRESSIVE;
				CLANG_CXX_LANGUAGE_STANDARD = "gnu++14";
				CLANG_CXX_LIBRARY = "libc++";
				CLANG_ENABLE_MODULES = YES;
				CLANG_ENABLE_OBJC_ARC = YES;
				CLANG_WARN_BLOCK_CAPTURE_AUTORELEASING = YES;
				CLANG_WARN_BOOL_CONVERSION = YES;
				CLANG_WARN_COMMA = YES;
				CLANG_WARN_CONSTANT_CONVERSION = YES;
				CLANG_WARN_DIRECT_OBJC_ISA_USAGE = YES_ERROR;
				CLANG_WARN_DOCUMENTATION_COMMENTS = YES;
				CLANG_WARN_EMPTY_BODY = YES;
				CLANG_WARN_ENUM_CONVERSION = YES;
				CLANG_WARN_INFINITE_RECURSION = YES;
				CLANG_WARN_INT_CONVERSION = YES;
				CLANG_WARN_NON_LITERAL_NULL_CONVERSION = YES;
				CLANG_WARN_OBJC_LITERAL_CONVERSION = YES;
				CLANG_WARN_OBJC_ROOT_CLASS = YES_ERROR;
				CLANG_WARN_RANGE_LOOP_ANALYSIS = YES;
				CLANG_WARN_STRICT_PROTOTYPES = YES;
				CLANG_WARN_SUSPICIOUS_MOVE = YES;
				CLANG_WARN_UNGUARDED_AVAILABILITY = YES_AGGRESSIVE;
				CLANG_WARN_UNREACHABLE_CODE = YES;
				CLANG_WARN__DUPLICATE_METHOD_MATCH = YES;
				CODE_SIGN_IDENTITY = "iPhone Developer";
				COPY_PHASE_STRIP = NO;
				DEBUG_INFORMATION_FORMAT = "dwarf-with-dsym";
				ENABLE_NS_ASSERTIONS = NO;
				ENABLE_STRICT_OBJC_MSGSEND = YES;
				GCC_C_LANGUAGE_STANDARD = gnu11;
				GCC_NO_COMMON_BLOCKS = YES;
				GCC_WARN_64_TO_32_BIT_CONVERSION = YES;
				GCC_WARN_ABOUT_RETURN_TYPE = YES_ERROR;
				GCC_WARN_UNDECLARED_SELECTOR = YES;
				GCC_WARN_UNINITIALIZED_AUTOS = YES_AGGRESSIVE;
				GCC_WARN_UNUSED_FUNCTION = YES;
				GCC_WARN_UNUSED_VARIABLE = YES;
				IPHONEOS_DEPLOYMENT_TARGET = 11.0;
				MTL_ENABLE_DEBUG_INFO = NO;
				SDKROOT = iphoneos;
				VALIDATE_PRODUCT = YES;
			};
			name = Release;
		};
		8B4719D31F8781DE00A9D173 /* Debug */ = {
			isa = XCBuildConfiguration;
			buildSettings = {
				ASSETCATALOG_COMPILER_APPICON_NAME = AppIcon;
				CODE_SIGN_STYLE = Automatic;
				DEVELOPMENT_TEAM = 487D8YHE27;
				INFOPLIST_FILE = Coursera/Info.plist;
				LD_RUNPATH_SEARCH_PATHS = "$(inherited) @executable_path/Frameworks";
				PRODUCT_BUNDLE_IDENTIFIER = SKS.Coursera;
				PRODUCT_NAME = "$(TARGET_NAME)";
				TARGETED_DEVICE_FAMILY = "1,2";
			};
			name = Debug;
		};
		8B4719D41F8781DE00A9D173 /* Release */ = {
			isa = XCBuildConfiguration;
			buildSettings = {
				ASSETCATALOG_COMPILER_APPICON_NAME = AppIcon;
				CODE_SIGN_STYLE = Automatic;
				DEVELOPMENT_TEAM = 487D8YHE27;
				INFOPLIST_FILE = Coursera/Info.plist;
				LD_RUNPATH_SEARCH_PATHS = "$(inherited) @executable_path/Frameworks";
				PRODUCT_BUNDLE_IDENTIFIER = SKS.Coursera;
				PRODUCT_NAME = "$(TARGET_NAME)";
				TARGETED_DEVICE_FAMILY = "1,2";
			};
			name = Release;
		};
		8B4719D61F8781DE00A9D173 /* Debug */ = {
			isa = XCBuildConfiguration;
			buildSettings = {
				BUNDLE_LOADER = "$(TEST_HOST)";
				CODE_SIGN_STYLE = Automatic;
				DEVELOPMENT_TEAM = 487D8YHE27;
				INFOPLIST_FILE = CourseraTests/Info.plist;
				LD_RUNPATH_SEARCH_PATHS = "$(inherited) @executable_path/Frameworks @loader_path/Frameworks";
				PRODUCT_BUNDLE_IDENTIFIER = SKS.CourseraTests;
				PRODUCT_NAME = "$(TARGET_NAME)";
				TARGETED_DEVICE_FAMILY = "1,2";
				TEST_HOST = "$(BUILT_PRODUCTS_DIR)/Coursera.app/Coursera";
			};
			name = Debug;
		};
		8B4719D71F8781DE00A9D173 /* Release */ = {
			isa = XCBuildConfiguration;
			buildSettings = {
				BUNDLE_LOADER = "$(TEST_HOST)";
				CODE_SIGN_STYLE = Automatic;
				DEVELOPMENT_TEAM = 487D8YHE27;
				INFOPLIST_FILE = CourseraTests/Info.plist;
				LD_RUNPATH_SEARCH_PATHS = "$(inherited) @executable_path/Frameworks @loader_path/Frameworks";
				PRODUCT_BUNDLE_IDENTIFIER = SKS.CourseraTests;
				PRODUCT_NAME = "$(TARGET_NAME)";
				TARGETED_DEVICE_FAMILY = "1,2";
				TEST_HOST = "$(BUILT_PRODUCTS_DIR)/Coursera.app/Coursera";
			};
			name = Release;
		};
		8B4719D91F8781DE00A9D173 /* Debug */ = {
			isa = XCBuildConfiguration;
			buildSettings = {
				CODE_SIGN_STYLE = Automatic;
				DEVELOPMENT_TEAM = 487D8YHE27;
				INFOPLIST_FILE = CourseraUITests/Info.plist;
				LD_RUNPATH_SEARCH_PATHS = "$(inherited) @executable_path/Frameworks @loader_path/Frameworks";
				PRODUCT_BUNDLE_IDENTIFIER = SKS.CourseraUITests;
				PRODUCT_NAME = "$(TARGET_NAME)";
				TARGETED_DEVICE_FAMILY = "1,2";
				TEST_TARGET_NAME = Coursera;
			};
			name = Debug;
		};
		8B4719DA1F8781DE00A9D173 /* Release */ = {
			isa = XCBuildConfiguration;
			buildSettings = {
				CODE_SIGN_STYLE = Automatic;
				DEVELOPMENT_TEAM = 487D8YHE27;
				INFOPLIST_FILE = CourseraUITests/Info.plist;
				LD_RUNPATH_SEARCH_PATHS = "$(inherited) @executable_path/Frameworks @loader_path/Frameworks";
				PRODUCT_BUNDLE_IDENTIFIER = SKS.CourseraUITests;
				PRODUCT_NAME = "$(TARGET_NAME)";
				TARGETED_DEVICE_FAMILY = "1,2";
				TEST_TARGET_NAME = Coursera;
			};
			name = Release;
		};
/* End XCBuildConfiguration section */

/* Begin XCConfigurationList section */
		8B4719A11F8781DE00A9D173 /* Build configuration list for PBXProject "Coursera" */ = {
			isa = XCConfigurationList;
			buildConfigurations = (
				8B4719D01F8781DE00A9D173 /* Debug */,
				8B4719D11F8781DE00A9D173 /* Release */,
			);
			defaultConfigurationIsVisible = 0;
			defaultConfigurationName = Release;
		};
		8B4719D21F8781DE00A9D173 /* Build configuration list for PBXNativeTarget "Coursera" */ = {
			isa = XCConfigurationList;
			buildConfigurations = (
				8B4719D31F8781DE00A9D173 /* Debug */,
				8B4719D41F8781DE00A9D173 /* Release */,
			);
			defaultConfigurationIsVisible = 0;
			defaultConfigurationName = Release;
		};
		8B4719D51F8781DE00A9D173 /* Build configuration list for PBXNativeTarget "CourseraTests" */ = {
			isa = XCConfigurationList;
			buildConfigurations = (
				8B4719D61F8781DE00A9D173 /* Debug */,
				8B4719D71F8781DE00A9D173 /* Release */,
			);
			defaultConfigurationIsVisible = 0;
			defaultConfigurationName = Release;
		};
		8B4719D81F8781DE00A9D173 /* Build configuration list for PBXNativeTarget "CourseraUITests" */ = {
			isa = XCConfigurationList;
			buildConfigurations = (
				8B4719D91F8781DE00A9D173 /* Debug */,
				8B4719DA1F8781DE00A9D173 /* Release */,
			);
			defaultConfigurationIsVisible = 0;
			defaultConfigurationName = Release;
		};
/* End XCConfigurationList section */
	};
	rootObject = 8B47199E1F8781DE00A9D173 /* Project object */;
}
